#MicroXplorer Configuration settings - do not modify
ADC1.Channel-1\#ChannelRegularConversion=ADC_CHANNEL_4
ADC1.IPParameters=Rank-1\#ChannelRegularConversion,Channel-1\#ChannelRegularConversion,SamplingTime-1\#ChannelRegularConversion,OffsetNumber-1\#ChannelRegularConversion,OffsetSignedSaturation-1\#ChannelRegularConversion,NbrOfConversionFlag,master
ADC1.NbrOfConversionFlag=1
ADC1.OffsetNumber-1\#ChannelRegularConversion=ADC_OFFSET_NONE
ADC1.OffsetSignedSaturation-1\#ChannelRegularConversion=DISABLE
ADC1.Rank-1\#ChannelRegularConversion=1
ADC1.SamplingTime-1\#ChannelRegularConversion=ADC_SAMPLETIME_1CYCLE_5
ADC1.master=1
ADC3.Channel-0\#ChannelRegularConversion=ADC_CHANNEL_0
ADC3.IPParameters=Rank-0\#ChannelRegularConversion,Channel-0\#ChannelRegularConversion,SamplingTime-0\#ChannelRegularConversion,OffsetNumber-0\#ChannelRegularConversion,OffsetSignedSaturation-0\#ChannelRegularConversion,NbrOfConversionFlag
ADC3.NbrOfConversionFlag=1
ADC3.OffsetNumber-0\#ChannelRegularConversion=ADC_OFFSET_NONE
ADC3.OffsetSignedSaturation-0\#ChannelRegularConversion=DISABLE
ADC3.Rank-0\#ChannelRegularConversion=1
ADC3.SamplingTime-0\#ChannelRegularConversion=ADC_SAMPLETIME_1CYCLE_5
CAD.formats=
CAD.pinconfig=
CAD.provider=
CORTEX_M7.IPParameters=default_mode_Activation
CORTEX_M7.default_mode_Activation=1
FDCAN2.CalculateBaudRateNominal=2687500
FDCAN2.CalculateTimeBitNominal=372
FDCAN2.CalculateTimeQuantumNominal=124.03100775193798
FDCAN2.IPParameters=CalculateTimeQuantumNominal,CalculateTimeBitNominal,CalculateBaudRateNominal
File.Version=6
GPIO.groupedBy=
I2S1.ErrorAudioFreq=-0.02 %
I2S1.IPParameters=Instance,RealAudioFreq,ErrorAudioFreq
I2S1.Instance=SPI$Index
I2S1.RealAudioFreq=7.998 KHz
KeepUserPlacement=true
LTDC.IPParameters=PixelFormat_L0,PixelFormat_L1
LTDC.PixelFormat_L0=LTDC_PIXEL_FORMAT_RGB565
LTDC.PixelFormat_L1=LTDC_PIXEL_FORMAT_RGB565
MMTAppRegionsCount=0
MMTConfigApplied=false
MMTSectionSuffix=
Mcu.CPN=STM32H743VIT6
Mcu.Family=STM32H7
Mcu.IP0=ADC1
Mcu.IP1=ADC3
Mcu.IP10=RCC
Mcu.IP11=SDMMC1
Mcu.IP12=SPI2
Mcu.IP13=SYS
Mcu.IP14=TIM1
Mcu.IP15=UART4
Mcu.IP16=USB_OTG_FS
Mcu.IP2=CORTEX_M7
Mcu.IP3=DEBUG
Mcu.IP4=FDCAN2
Mcu.IP5=I2C4
Mcu.IP6=I2S1
Mcu.IP7=LTDC
Mcu.IP8=MEMORYMAP
Mcu.IP9=NVIC
Mcu.IPNb=17
Mcu.Name=STM32H743VITx
Mcu.Package=LQFP100
Mcu.Pin0=PE2
Mcu.Pin1=PE3
Mcu.Pin10=PA3
Mcu.Pin11=PA4
Mcu.Pin12=PA5
Mcu.Pin13=PA6
Mcu.Pin14=PA7
Mcu.Pin15=PC4
Mcu.Pin16=PB0
Mcu.Pin17=PB1
Mcu.Pin18=PE9
Mcu.Pin19=PE10
Mcu.Pin2=PH0-OSC_IN (PH0)
Mcu.Pin20=PE11
Mcu.Pin21=PE12
Mcu.Pin22=PE13
Mcu.Pin23=PE14
Mcu.Pin24=PE15
Mcu.Pin25=PB10
Mcu.Pin26=PB11
Mcu.Pin27=PB12
Mcu.Pin28=PB13
Mcu.Pin29=PB14
Mcu.Pin3=PH1-OSC_OUT (PH1)
Mcu.Pin30=PB15
Mcu.Pin31=PD8
Mcu.Pin32=PD9
Mcu.Pin33=PD10
Mcu.Pin34=PD11
Mcu.Pin35=PD12
Mcu.Pin36=PD13
Mcu.Pin37=PD14
Mcu.Pin38=PD15
Mcu.Pin39=PC6
Mcu.Pin4=PC0
Mcu.Pin40=PC7
Mcu.Pin41=PC8
Mcu.Pin42=PC9
Mcu.Pin43=PA8
Mcu.Pin44=PA11
Mcu.Pin45=PA12
Mcu.Pin46=PA13 (JTMS/SWDIO)
Mcu.Pin47=PA14 (JTCK/SWCLK)
Mcu.Pin48=PA15 (JTDI)
Mcu.Pin49=PC10
Mcu.Pin5=PC1
Mcu.Pin50=PC11
Mcu.Pin51=PC12
Mcu.Pin52=PD0
Mcu.Pin53=PD1
Mcu.Pin54=PD2
Mcu.Pin55=PD3
Mcu.Pin56=PD6
Mcu.Pin57=PB3 (JTDO/TRACESWO)
Mcu.Pin58=PB6
Mcu.Pin59=PB7
Mcu.Pin6=PC2_C
Mcu.Pin60=PB8
Mcu.Pin61=PB9
Mcu.Pin62=VP_SYS_VS_Systick
Mcu.Pin63=VP_MEMORYMAP_VS_MEMORYMAP
Mcu.Pin7=PC3_C
Mcu.Pin8=PA1
Mcu.Pin9=PA2
Mcu.PinsNb=64
Mcu.ThirdPartyNb=0
Mcu.UserConstants=
Mcu.UserName=STM32H743VITx
MxCube.Version=6.16.1
MxDb.Version=DB.6.0.161
NVIC.BusFault_IRQn=true\:0\:0\:false\:false\:true\:false\:false\:false
NVIC.DebugMonitor_IRQn=true\:0\:0\:false\:false\:true\:false\:false\:false
NVIC.ForceEnableDMAVector=true
NVIC.HardFault_IRQn=true\:0\:0\:false\:false\:true\:false\:false\:false
NVIC.MemoryManagement_IRQn=true\:0\:0\:false\:false\:true\:false\:false\:false
NVIC.NonMaskableInt_IRQn=true\:0\:0\:false\:false\:true\:false\:false\:false
NVIC.PendSV_IRQn=true\:0\:0\:false\:false\:true\:false\:false\:false
NVIC.PriorityGroup=NVIC_PRIORITYGROUP_4
NVIC.SVCall_IRQn=true\:0\:0\:false\:false\:true\:false\:false\:false
NVIC.SysTick_IRQn=true\:15\:0\:false\:false\:true\:false\:true\:false
NVIC.UsageFault_IRQn=true\:0\:0\:false\:false\:true\:false\:false\:false
PA1.Mode=RGB666
PA1.Signal=LTDC_R2
PA11.Mode=Host_Only
PA11.Signal=USB_OTG_FS_DM
PA12.Mode=Host_Only
PA12.Signal=USB_OTG_FS_DP
PA13\ (JTMS/SWDIO).Mode=Serial_Wire
PA13\ (JTMS/SWDIO).Signal=DEBUG_JTMS-SWDIO
PA14\ (JTCK/SWCLK).Mode=Serial_Wire
PA14\ (JTCK/SWCLK).Signal=DEBUG_JTCK-SWCLK
PA15\ (JTDI).Mode=Half_Duplex_Master_Tx
PA15\ (JTDI).Signal=I2S1_WS
PA2.Mode=RGB666
PA2.Signal=LTDC_R1
PA3.Mode=RGB666
PA3.Signal=LTDC_B5
PA4.Mode=RGB666
PA4.Signal=LTDC_VSYNC
PA5.Mode=RGB666
PA5.Signal=LTDC_R4
PA6.Mode=RGB666
PA6.Signal=LTDC_G2
PA7.Mode=Half_Duplex_Master_Tx
PA7.Signal=I2S1_SDO
PA8.Mode=RGB666
PA8.Signal=LTDC_R6
PB0.Mode=RGB666
PB0.Signal=LTDC_R3
PB1.GPIOParameters=GPIO_Label
PB1.GPIO_Label=V_SENSE_12
PB1.Signal=ADCx_INP5
PB10.Mode=RGB666
PB10.Signal=LTDC_G4
PB11.Mode=RGB666
PB11.Signal=LTDC_G5
PB12.Mode=FDCAN_Activate
PB12.Signal=FDCAN2_RX
PB13.Mode=Full_Duplex_Master
PB13.Signal=SPI2_SCK
PB14.Mode=Full_Duplex_Master
PB14.Signal=SPI2_MISO
PB15.GPIOParameters=GPIO_Label
PB15.GPIO_Label=SD_CS
PB15.Locked=true
PB15.Signal=GPIO_Output
PB3\ (JTDO/TRACESWO).Mode=Half_Duplex_Master_Tx
PB3\ (JTDO/TRACESWO).Signal=I2S1_CK
PB6.Mode=FDCAN_Activate
PB6.Signal=FDCAN2_TX
PB7.GPIOParameters=GPIO_Label
PB7.GPIO_Label=BOOT0_SENSE
PB7.Locked=true
PB7.Signal=GPIO_Input
PB8.Mode=RGB666
PB8.Signal=LTDC_B6
PB9.Mode=RGB666
PB9.Signal=LTDC_B7
PC0.Mode=RGB666
PC0.Signal=LTDC_R5
PC1.Mode=Full_Duplex_Master
PC1.Signal=SPI2_MOSI
PC10.Mode=SD_4_bits_Wide_bus
PC10.Signal=SDMMC1_D2
PC11.Mode=SD_4_bits_Wide_bus
PC11.Signal=SDMMC1_D3
PC12.Mode=SD_4_bits_Wide_bus
PC12.Signal=SDMMC1_CK
PC2_C.GPIOParameters=GPIO_Label
PC2_C.GPIO_Label=DPAD_A0
PC2_C.Mode=IN0-Single-Ended
PC2_C.Signal=ADC3_INP0
PC3_C.GPIOParameters=GPIO_Label
PC3_C.GPIO_Label=DPAD_A1
PC3_C.Mode=IN1-Single-Ended
PC3_C.Signal=ADC3_INP1
PC4.GPIOParameters=GPIO_Label
PC4.GPIO_Label=V_SENSE_5
PC4.Signal=ADCx_INP4
PC6.Mode=RGB666
PC6.Signal=LTDC_HSYNC
PC7.Mode=RGB666
PC7.Signal=LTDC_G6
PC8.Mode=SD_4_bits_Wide_bus
PC8.Signal=SDMMC1_D0
PC9.Mode=SD_4_bits_Wide_bus
PC9.Signal=SDMMC1_D1
PD0.GPIOParameters=GPIO_Label
PD0.GPIO_Label=DPAD_RX
PD0.Mode=Asynchronous
PD0.Signal=UART4_RX
PD1.GPIOParameters=GPIO_Label
PD1.GPIO_Label=DPAD_TX
PD1.Locked=true
PD1.Mode=Asynchronous
PD1.Signal=UART4_TX
PD10.Mode=RGB666
PD10.Signal=LTDC_B3
PD11.GPIOParameters=GPIO_Label
PD11.GPIO_Label=LCD_EN
PD11.Locked=true
PD11.Signal=GPIO_Output
PD12.GPIOParameters=GPIO_Label
PD12.GPIO_Label=CTP_SCL
PD12.Mode=I2C
PD12.Signal=I2C4_SCL
PD13.GPIOParameters=GPIO_Label
PD13.GPIO_Label=CTP_SDA
PD13.Mode=I2C
PD13.Signal=I2C4_SDA
PD14.GPIOParameters=GPIO_Label
PD14.GPIO_Label=CTP_INT
PD14.Locked=true
PD14.Signal=GPIO_Output
PD15.GPIOParameters=GPIO_Label
PD15.GPIO_Label=CTP_RST
PD15.Locked=true
PD15.Signal=GPIO_Output
PD2.Mode=SD_4_bits_Wide_bus
PD2.Signal=SDMMC1_CMD
PD3.Mode=RGB666
PD3.Signal=LTDC_G7
PD6.Mode=RGB666
PD6.Signal=LTDC_B2
PD8.GPIOParameters=GPIO_Label
PD8.GPIO_Label=SD_WP
PD8.Locked=true
PD8.Signal=GPIO_Output
PD9.GPIOParameters=GPIO_Label
PD9.GPIO_Label=SD_CD
PD9.Locked=true
PD9.Signal=GPIO_Output
PE10.GPIOParameters=GPIO_Label
PE10.GPIO_Label=LCD_EN
PE10.Locked=true
PE10.Signal=GPIO_Output
PE11.Mode=RGB666
PE11.Signal=LTDC_G3
PE12.Mode=RGB666
PE12.Signal=LTDC_B4
PE13.Mode=RGB666
PE13.Signal=LTDC_DE
PE14.Mode=RGB666
PE14.Signal=LTDC_CLK
PE15.Mode=RGB666
PE15.Signal=LTDC_R7
PE2.GPIOParameters=GPIO_Label
PE2.GPIO_Label=LED_USR
PE2.Locked=true
PE2.Signal=GPIO_Output
PE3.GPIOParameters=GPIO_Label
PE3.GPIO_Label=SD_EN
PE3.Locked=true
PE3.Signal=GPIO_Output
PE9.GPIOParameters=GPIO_Label
PE9.GPIO_Label=BKLT_CTRL
PE9.Signal=S_TIM1_CH1
PH0-OSC_IN\ (PH0).Mode=HSE-External-Oscillator
PH0-OSC_IN\ (PH0).Signal=RCC_OSC_IN
PH1-OSC_OUT\ (PH1).Mode=HSE-External-Oscillator
PH1-OSC_OUT\ (PH1).Signal=RCC_OSC_OUT
PinOutPanel.RotationAngle=0
ProjectManager.AskForMigrate=true
ProjectManager.BackupPrevious=false
ProjectManager.CompilerLinker=GCC
ProjectManager.CompilerOptimize=6
ProjectManager.ComputerToolchain=false
ProjectManager.CoupleFile=false
ProjectManager.CustomerFirmwarePackage=
ProjectManager.DefaultFWLocation=true
ProjectManager.DeletePrevious=true
ProjectManager.DeviceId=STM32H743VITx
ProjectManager.FirmwarePackage=STM32Cube FW_H7 V1.12.1
ProjectManager.FreePins=false
ProjectManager.FreePinsContext=
ProjectManager.HalAssertFull=false
ProjectManager.HeapSize=0x200
ProjectManager.KeepUserCode=true
ProjectManager.LastFirmware=true
ProjectManager.LibraryCopy=0
ProjectManager.MainLocation=Core/Src
ProjectManager.NoMain=false
ProjectManager.PreviousToolchain=
ProjectManager.ProjectBuild=false
ProjectManager.ProjectFileName=LV3-Dash-CubeMX.ioc
ProjectManager.ProjectName=LV3-Dash-CubeMX
ProjectManager.ProjectStructure=
ProjectManager.RegisterCallBack=
ProjectManager.StackSize=0x400
ProjectManager.TargetToolchain=EWARM V8.50
ProjectManager.ToolChainLocation=
ProjectManager.UAScriptAfterPath=
ProjectManager.UAScriptBeforePath=
ProjectManager.UnderRoot=false
ProjectManager.functionlistsort=1-SystemClock_Config-RCC-false-HAL-false,2-MX_GPIO_Init-GPIO-false-HAL-true,3-MX_I2S1_Init-I2S1-false-HAL-true,4-MX_LTDC_Init-LTDC-false-HAL-true,5-MX_SDMMC1_SD_Init-SDMMC1-false-HAL-true,6-MX_USB_OTG_FS_HCD_Init-USB_OTG_FS-false-HAL-true,7-MX_ADC3_Init-ADC3-false-HAL-true,8-MX_ADC1_Init-ADC1-false-HAL-true,9-MX_I2C4_Init-I2C4-false-HAL-true,10-MX_SPI2_Init-SPI2-false-HAL-true,11-MX_TIM1_Init-TIM1-false-HAL-true,12-MX_UART4_Init-UART4-false-HAL-true,13-MX_FDCAN2_Init-FDCAN2-false-HAL-true,0-MX_CORTEX_M7_Init-CORTEX_M7-false-HAL-true
RCC.ADCFreq_Value=129000000
RCC.AHB12Freq_Value=64000000
RCC.AHB4Freq_Value=64000000
RCC.APB1Freq_Value=64000000
RCC.APB2Freq_Value=64000000
RCC.APB3Freq_Value=64000000
RCC.APB4Freq_Value=64000000
RCC.AXIClockFreq_Value=64000000
RCC.CECFreq_Value=32000
RCC.CKPERFreq_Value=64000000
RCC.CortexFreq_Value=64000000
RCC.CpuClockFreq_Value=64000000
RCC.D1CPREFreq_Value=64000000
RCC.DFSDMACLkFreq_Value=129000000
RCC.DFSDMFreq_Value=64000000
RCC.DIVP1Freq_Value=129000000
RCC.DIVP2Freq_Value=129000000
RCC.DIVP3Freq_Value=129000000
RCC.DIVQ1Freq_Value=129000000
RCC.DIVQ2Freq_Value=129000000
RCC.DIVQ3Freq_Value=129000000
RCC.DIVR1Freq_Value=129000000
RCC.DIVR2Freq_Value=129000000
RCC.DIVR3Freq_Value=129000000
RCC.FDCANFreq_Value=129000000
RCC.FMCFreq_Value=64000000
RCC.FamilyName=M
RCC.HCLK3ClockFreq_Value=64000000
RCC.HCLKFreq_Value=64000000
RCC.HRTIMFreq_Value=64000000
RCC.I2C123Freq_Value=64000000
RCC.I2C4Freq_Value=64000000
RCC.IPParameters=ADCFreq_Value,AHB12Freq_Value,AHB4Freq_Value,APB1Freq_Value,APB2Freq_Value,APB3Freq_Value,APB4Freq_Value,AXIClockFreq_Value,CECFreq_Value,CKPERFreq_Value,CortexFreq_Value,CpuClockFreq_Value,D1CPREFreq_Value,DFSDMACLkFreq_Value,DFSDMFreq_Value,DIVP1Freq_Value,DIVP2Freq_Value,DIVP3Freq_Value,DIVQ1Freq_Value,DIVQ2Freq_Value,DIVQ3Freq_Value,DIVR1Freq_Value,DIVR2Freq_Value,DIVR3Freq_Value,FDCANFreq_Value,FMCFreq_Value,FamilyName,HCLK3ClockFreq_Value,HCLKFreq_Value,HRTIMFreq_Value,I2C123Freq_Value,I2C4Freq_Value,LPTIM1Freq_Value,LPTIM2Freq_Value,LPTIM345Freq_Value,LPUART1Freq_Value,LTDCFreq_Value,MCO1PinFreq_Value,MCO2PinFreq_Value,PLLSource,PLLSourceVirtual,QSPIFreq_Value,RNGFreq_Value,RTCFreq_Value,SAI1Freq_Value,SAI23Freq_Value,SAI4AFreq_Value,SAI4BFreq_Value,SDMMCFreq_Value,SPDIFRXFreq_Value,SPI123Freq_Value,SPI45Freq_Value,SPI6Freq_Value,SWPMI1Freq_Value,SYSCLKFreq_VALUE,Tim1OutputFreq_Value,Tim2OutputFreq_Value,TraceFreq_Value,USART16Freq_Value,USART234578Freq_Value,USBFreq_Value,VCO1OutputFreq_Value,VCO2OutputFreq_Value,VCO3OutputFreq_Value,VCOInput1Freq_Value,VCOInput2Freq_Value,VCOInput3Freq_Value
RCC.LPTIM1Freq_Value=64000000
RCC.LPTIM2Freq_Value=64000000
RCC.LPTIM345Freq_Value=64000000
RCC.LPUART1Freq_Value=64000000
RCC.LTDCFreq_Value=129000000
RCC.MCO1PinFreq_Value=64000000
RCC.MCO2PinFreq_Value=64000000
RCC.PLLSource=RCC_PLLSOURCE_HSI
RCC.PLLSourceVirtual=RCC_PLLSOURCE_HSI
RCC.QSPIFreq_Value=64000000
RCC.RNGFreq_Value=48000000
RCC.RTCFreq_Value=32000
RCC.SAI1Freq_Value=129000000
RCC.SAI23Freq_Value=129000000
RCC.SAI4AFreq_Value=129000000
RCC.SAI4BFreq_Value=129000000
RCC.SDMMCFreq_Value=129000000
RCC.SPDIFRXFreq_Value=129000000
RCC.SPI123Freq_Value=129000000
RCC.SPI45Freq_Value=64000000
RCC.SPI6Freq_Value=64000000
RCC.SWPMI1Freq_Value=64000000
RCC.SYSCLKFreq_VALUE=64000000
RCC.Tim1OutputFreq_Value=64000000
RCC.Tim2OutputFreq_Value=64000000
RCC.TraceFreq_Value=64000000
RCC.USART16Freq_Value=64000000
RCC.USART234578Freq_Value=64000000
RCC.USBFreq_Value=129000000
RCC.VCO1OutputFreq_Value=258000000
RCC.VCO2OutputFreq_Value=258000000
RCC.VCO3OutputFreq_Value=258000000
RCC.VCOInput1Freq_Value=2000000
RCC.VCOInput2Freq_Value=2000000
RCC.VCOInput3Freq_Value=2000000
SH.ADCx_INP4.0=ADC1_INP4,IN4-Single-Ended
SH.ADCx_INP4.ConfNb=1
SH.ADCx_INP5.0=ADC1_INP5,IN5-Single-Ended
SH.ADCx_INP5.ConfNb=1
SH.S_TIM1_CH1.0=TIM1_CH1,PWM Generation1 CH1
SH.S_TIM1_CH1.ConfNb=1
SPI2.CalculateBaudRate=64.5 MBits/s
SPI2.Direction=SPI_DIRECTION_2LINES
SPI2.IPParameters=VirtualType,Mode,Direction,CalculateBaudRate
SPI2.Mode=SPI_MODE_MASTER
SPI2.VirtualType=VM_MASTER
TIM1.Channel-PWM\ Generation1\ CH1=TIM_CHANNEL_1
TIM1.IPParameters=Channel-PWM Generation1 CH1
USB_OTG_FS.IPParameters=VirtualMode,phy_itface
USB_OTG_FS.VirtualMode=Host_Only
USB_OTG_FS.phy_itface=HCD_PHY_EMBEDDED
VP_MEMORYMAP_VS_MEMORYMAP.Mode=CurAppReg
VP_MEMORYMAP_VS_MEMORYMAP.Signal=MEMORYMAP_VS_MEMORYMAP
VP_SYS_VS_Systick.Mode=SysTick
VP_SYS_VS_Systick.Signal=SYS_VS_Systick
board=custom
